// !$*UTF8*$!
{
	archiveVersion = 1;
	classes = {
	};
	objectVersion = 46;
	objects = {

/* Begin PBXBuildFile section */
		880C75481BCF9BD1000564DE /* EasyHelperWatch.h in Headers */ = {isa = PBXBuildFile; fileRef = 880C75471BCF9BD1000564DE /* EasyHelperWatch.h */; settings = {ATTRIBUTES = (Public, ); }; };
		880C754D1BCF9BFD000564DE /* WatchHelper.swift in Sources */ = {isa = PBXBuildFile; fileRef = 880C75321BCF91ED000564DE /* WatchHelper.swift */; };
		880C755B1BCF9CDE000564DE /* WCSessionDelegateExtensions.swift in Sources */ = {isa = PBXBuildFile; fileRef = 880C755A1BCF9CDE000564DE /* WCSessionDelegateExtensions.swift */; };
		880C755F1BD0E2E6000564DE /* HelperSound.swift in Sources */ = {isa = PBXBuildFile; fileRef = 880C755E1BD0E2E6000564DE /* HelperSound.swift */; };
		880C75611BD0ECA0000564DE /* EasyTimer.swift in Sources */ = {isa = PBXBuildFile; fileRef = 880C75601BD0ECA0000564DE /* EasyTimer.swift */; };
		8849218B1BBBDE2700EA150A /* EasyHelper.h in Headers */ = {isa = PBXBuildFile; fileRef = 8849218A1BBBDE2700EA150A /* EasyHelper.h */; settings = {ATTRIBUTES = (Public, ); }; };
		884921921BBBDE2700EA150A /* EasyHelper.framework in Frameworks */ = {isa = PBXBuildFile; fileRef = 884921871BBBDE2700EA150A /* EasyHelper.framework */; };
		884921F81BBBDF3700EA150A /* ArrayExtensions.swift in Sources */ = {isa = PBXBuildFile; fileRef = 884921DB1BBBDF3700EA150A /* ArrayExtensions.swift */; };
		884921F91BBBDF3700EA150A /* BoolExtensions.swift in Sources */ = {isa = PBXBuildFile; fileRef = 884921DC1BBBDF3700EA150A /* BoolExtensions.swift */; };
		884921FA1BBBDF3700EA150A /* CALayerExtensions.swift in Sources */ = {isa = PBXBuildFile; fileRef = 884921DD1BBBDF3700EA150A /* CALayerExtensions.swift */; };
		884921FB1BBBDF3700EA150A /* CGFloatExtensions.swift in Sources */ = {isa = PBXBuildFile; fileRef = 884921DE1BBBDF3700EA150A /* CGFloatExtensions.swift */; };
		884921FC1BBBDF3700EA150A /* CGPointExtensions.swift in Sources */ = {isa = PBXBuildFile; fileRef = 884921DF1BBBDF3700EA150A /* CGPointExtensions.swift */; };
		884921FD1BBBDF3700EA150A /* CGRectExtensions.swift in Sources */ = {isa = PBXBuildFile; fileRef = 884921E01BBBDF3700EA150A /* CGRectExtensions.swift */; };
		884921FE1BBBDF3700EA150A /* CGSizeExtensions.swift in Sources */ = {isa = PBXBuildFile; fileRef = 884921E11BBBDF3700EA150A /* CGSizeExtensions.swift */; };
		884921FF1BBBDF3700EA150A /* EasyDebug.swift in Sources */ = {isa = PBXBuildFile; fileRef = 884921E21BBBDF3700EA150A /* EasyDebug.swift */; };
		884922001BBBDF3700EA150A /* DictionaryExtensions.swift in Sources */ = {isa = PBXBuildFile; fileRef = 884921E31BBBDF3700EA150A /* DictionaryExtensions.swift */; };
		884922011BBBDF3700EA150A /* DoubleExtensions.swift in Sources */ = {isa = PBXBuildFile; fileRef = 884921E41BBBDF3700EA150A /* DoubleExtensions.swift */; };
		884922021BBBDF3700EA150A /* EasyDispatch.swift in Sources */ = {isa = PBXBuildFile; fileRef = 884921E51BBBDF3700EA150A /* EasyDispatch.swift */; };
		884922031BBBDF3700EA150A /* EasyError.swift in Sources */ = {isa = PBXBuildFile; fileRef = 884921E61BBBDF3700EA150A /* EasyError.swift */; };
		884922041BBBDF3700EA150A /* EasyHelper.swift in Sources */ = {isa = PBXBuildFile; fileRef = 884921E71BBBDF3700EA150A /* EasyHelper.swift */; };
		884922051BBBDF3700EA150A /* UIAlertController.swift in Sources */ = {isa = PBXBuildFile; fileRef = 884921E81BBBDF3700EA150A /* UIAlertController.swift */; };
		884922061BBBDF3700EA150A /* FloatExtensions.swift in Sources */ = {isa = PBXBuildFile; fileRef = 884921E91BBBDF3700EA150A /* FloatExtensions.swift */; };
		884922071BBBDF3700EA150A /* IntExtensions.swift in Sources */ = {isa = PBXBuildFile; fileRef = 884921EA1BBBDF3700EA150A /* IntExtensions.swift */; };
		884922081BBBDF3700EA150A /* MPMoviePlayerController.swift in Sources */ = {isa = PBXBuildFile; fileRef = 884921EB1BBBDF3700EA150A /* MPMoviePlayerController.swift */; };
		884922091BBBDF3700EA150A /* NSDateExtensions.swift in Sources */ = {isa = PBXBuildFile; fileRef = 884921EC1BBBDF3700EA150A /* NSDateExtensions.swift */; };
		8849220A1BBBDF3700EA150A /* SetExtensions.swift in Sources */ = {isa = PBXBuildFile; fileRef = 884921ED1BBBDF3700EA150A /* SetExtensions.swift */; };
		8849220D1BBBDF3700EA150A /* StringExtensions.swift in Sources */ = {isa = PBXBuildFile; fileRef = 884921F01BBBDF3700EA150A /* StringExtensions.swift */; };
		8849220E1BBBDF3700EA150A /* UIColorExtensions.swift in Sources */ = {isa = PBXBuildFile; fileRef = 884921F11BBBDF3700EA150A /* UIColorExtensions.swift */; };
		8849220F1BBBDF3700EA150A /* UIImageExtensions.swift in Sources */ = {isa = PBXBuildFile; fileRef = 884921F21BBBDF3700EA150A /* UIImageExtensions.swift */; };
		884922101BBBDF3700EA150A /* UIImageViewExtensions.swift in Sources */ = {isa = PBXBuildFile; fileRef = 884921F31BBBDF3700EA150A /* UIImageViewExtensions.swift */; };
		884922111BBBDF3700EA150A /* UILabelExtensions.swift in Sources */ = {isa = PBXBuildFile; fileRef = 884921F41BBBDF3700EA150A /* UILabelExtensions.swift */; };
		884922121BBBDF3700EA150A /* UIRectCornerExtensions.swift in Sources */ = {isa = PBXBuildFile; fileRef = 884921F51BBBDF3700EA150A /* UIRectCornerExtensions.swift */; };
		884922131BBBDF3700EA150A /* UIViewExtensions.swift in Sources */ = {isa = PBXBuildFile; fileRef = 884921F61BBBDF3700EA150A /* UIViewExtensions.swift */; };
		884922181BBBDF3F00EA150A /* Test.swift in Sources */ = {isa = PBXBuildFile; fileRef = 884922141BBBDF3F00EA150A /* Test.swift */; };
		884922191BBBDF3F00EA150A /* TestEasyDispath.swift in Sources */ = {isa = PBXBuildFile; fileRef = 884922151BBBDF3F00EA150A /* TestEasyDispath.swift */; };
		8849221A1BBBDF3F00EA150A /* TestNSDateExtensions.swift in Sources */ = {isa = PBXBuildFile; fileRef = 884922161BBBDF3F00EA150A /* TestNSDateExtensions.swift */; };
		8849221B1BBBDF3F00EA150A /* TestStringExtensions.swift in Sources */ = {isa = PBXBuildFile; fileRef = 884922171BBBDF3F00EA150A /* TestStringExtensions.swift */; };
		884922241BBBE43E00EA150A /* TestNumber.swift in Sources */ = {isa = PBXBuildFile; fileRef = 884922231BBBE43E00EA150A /* TestNumber.swift */; };
		8856891B1BD7A6950030765F /* UINavigationController.swift in Sources */ = {isa = PBXBuildFile; fileRef = 8856891A1BD7A6950030765F /* UINavigationController.swift */; };
		886086061BBE6A4C00ABCF58 /* SequenceTypeExtensions.swift in Sources */ = {isa = PBXBuildFile; fileRef = 886086051BBE6A4C00ABCF58 /* SequenceTypeExtensions.swift */; };
		8860860B1BBE6C0500ABCF58 /* TestSequenceType.swift in Sources */ = {isa = PBXBuildFile; fileRef = 8860860A1BBE6C0500ABCF58 /* TestSequenceType.swift */; };
		88AD7DBD1BC8200E001D555B /* NSLayoutConstraintsExtensions.swift in Sources */ = {isa = PBXBuildFile; fileRef = 88AD7DBC1BC8200E001D555B /* NSLayoutConstraintsExtensions.swift */; };
		88AEBD6A1BC2D6F500B392E7 /* UIScrollViewExtensions.swift in Sources */ = {isa = PBXBuildFile; fileRef = 88AEBD691BC2D6F500B392E7 /* UIScrollViewExtensions.swift */; };
		88C77E6D1BEDF75A003208E5 /* NSBundleExtensions.swift in Sources */ = {isa = PBXBuildFile; fileRef = 88C77E6C1BEDF75A003208E5 /* NSBundleExtensions.swift */; };
		88CA195D1BC3102A00C133EB /* UIViewControllerExtensions.swift in Sources */ = {isa = PBXBuildFile; fileRef = 88CA195C1BC3102A00C133EB /* UIViewControllerExtensions.swift */; };
		88CA195F1BC3132B00C133EB /* NSDataExtensions.swift in Sources */ = {isa = PBXBuildFile; fileRef = 88CA195E1BC3132B00C133EB /* NSDataExtensions.swift */; };
		88CA19611BC3142A00C133EB /* NSURLConnectionExtensions.swift in Sources */ = {isa = PBXBuildFile; fileRef = 88CA19601BC3142A00C133EB /* NSURLConnectionExtensions.swift */; };
		88CA19631BC3152800C133EB /* NStringExtensions.swift in Sources */ = {isa = PBXBuildFile; fileRef = 88CA19621BC3152800C133EB /* NStringExtensions.swift */; };
		88CA19651BC3167D00C133EB /* UIFontExtensions.swift in Sources */ = {isa = PBXBuildFile; fileRef = 88CA19641BC3167D00C133EB /* UIFontExtensions.swift */; };
		88CA19671BC317AA00C133EB /* UIButton.swift in Sources */ = {isa = PBXBuildFile; fileRef = 88CA19661BC317AA00C133EB /* UIButton.swift */; };
/* End PBXBuildFile section */

/* Begin PBXContainerItemProxy section */
		884921931BBBDE2700EA150A /* PBXContainerItemProxy */ = {
			isa = PBXContainerItemProxy;
			containerPortal = 8849217E1BBBDE2700EA150A /* Project object */;
			proxyType = 1;
			remoteGlobalIDString = 884921861BBBDE2700EA150A;
			remoteInfo = EasyHelper;
		};
/* End PBXContainerItemProxy section */

/* Begin PBXFileReference section */
		880C75321BCF91ED000564DE /* WatchHelper.swift */ = {isa = PBXFileReference; fileEncoding = 4; lastKnownFileType = sourcecode.swift; name = WatchHelper.swift; path = ../EasyHelper/WatchHelper.swift; sourceTree = "<group>"; };
		880C75451BCF9BD1000564DE /* EasyHelperWatch.framework */ = {isa = PBXFileReference; explicitFileType = wrapper.framework; includeInIndex = 0; path = EasyHelperWatch.framework; sourceTree = BUILT_PRODUCTS_DIR; };
		880C75471BCF9BD1000564DE /* EasyHelperWatch.h */ = {isa = PBXFileReference; lastKnownFileType = sourcecode.c.h; path = EasyHelperWatch.h; sourceTree = "<group>"; };
		880C75491BCF9BD1000564DE /* Info.plist */ = {isa = PBXFileReference; lastKnownFileType = text.plist.xml; path = Info.plist; sourceTree = "<group>"; };
		880C755A1BCF9CDE000564DE /* WCSessionDelegateExtensions.swift */ = {isa = PBXFileReference; fileEncoding = 4; lastKnownFileType = sourcecode.swift; path = WCSessionDelegateExtensions.swift; sourceTree = "<group>"; };
		880C755E1BD0E2E6000564DE /* HelperSound.swift */ = {isa = PBXFileReference; fileEncoding = 4; lastKnownFileType = sourcecode.swift; path = HelperSound.swift; sourceTree = "<group>"; };
		880C75601BD0ECA0000564DE /* EasyTimer.swift */ = {isa = PBXFileReference; fileEncoding = 4; lastKnownFileType = sourcecode.swift; path = EasyTimer.swift; sourceTree = "<group>"; };
		884921871BBBDE2700EA150A /* EasyHelper.framework */ = {isa = PBXFileReference; explicitFileType = wrapper.framework; includeInIndex = 0; path = EasyHelper.framework; sourceTree = BUILT_PRODUCTS_DIR; };
		8849218A1BBBDE2700EA150A /* EasyHelper.h */ = {isa = PBXFileReference; lastKnownFileType = sourcecode.c.h; path = EasyHelper.h; sourceTree = "<group>"; };
		8849218C1BBBDE2700EA150A /* Info.plist */ = {isa = PBXFileReference; lastKnownFileType = text.plist.xml; path = Info.plist; sourceTree = "<group>"; };
		884921911BBBDE2700EA150A /* EasyHelperTests.xctest */ = {isa = PBXFileReference; explicitFileType = wrapper.cfbundle; includeInIndex = 0; path = EasyHelperTests.xctest; sourceTree = BUILT_PRODUCTS_DIR; };
		884921981BBBDE2700EA150A /* Info.plist */ = {isa = PBXFileReference; lastKnownFileType = text.plist.xml; path = Info.plist; sourceTree = "<group>"; };
		884921D91BBBDEEA00EA150A /* EasyHelperTests-Bridging-Header.h */ = {isa = PBXFileReference; lastKnownFileType = sourcecode.c.h; path = "EasyHelperTests-Bridging-Header.h"; sourceTree = "<group>"; };
		884921DB1BBBDF3700EA150A /* ArrayExtensions.swift */ = {isa = PBXFileReference; fileEncoding = 4; lastKnownFileType = sourcecode.swift; path = ArrayExtensions.swift; sourceTree = "<group>"; };
		884921DC1BBBDF3700EA150A /* BoolExtensions.swift */ = {isa = PBXFileReference; fileEncoding = 4; lastKnownFileType = sourcecode.swift; path = BoolExtensions.swift; sourceTree = "<group>"; };
		884921DD1BBBDF3700EA150A /* CALayerExtensions.swift */ = {isa = PBXFileReference; fileEncoding = 4; lastKnownFileType = sourcecode.swift; path = CALayerExtensions.swift; sourceTree = "<group>"; };
		884921DE1BBBDF3700EA150A /* CGFloatExtensions.swift */ = {isa = PBXFileReference; fileEncoding = 4; lastKnownFileType = sourcecode.swift; path = CGFloatExtensions.swift; sourceTree = "<group>"; };
		884921DF1BBBDF3700EA150A /* CGPointExtensions.swift */ = {isa = PBXFileReference; fileEncoding = 4; lastKnownFileType = sourcecode.swift; path = CGPointExtensions.swift; sourceTree = "<group>"; };
		884921E01BBBDF3700EA150A /* CGRectExtensions.swift */ = {isa = PBXFileReference; fileEncoding = 4; lastKnownFileType = sourcecode.swift; path = CGRectExtensions.swift; sourceTree = "<group>"; };
		884921E11BBBDF3700EA150A /* CGSizeExtensions.swift */ = {isa = PBXFileReference; fileEncoding = 4; lastKnownFileType = sourcecode.swift; path = CGSizeExtensions.swift; sourceTree = "<group>"; };
		884921E21BBBDF3700EA150A /* EasyDebug.swift */ = {isa = PBXFileReference; fileEncoding = 4; lastKnownFileType = sourcecode.swift; path = EasyDebug.swift; sourceTree = "<group>"; };
		884921E31BBBDF3700EA150A /* DictionaryExtensions.swift */ = {isa = PBXFileReference; fileEncoding = 4; lastKnownFileType = sourcecode.swift; path = DictionaryExtensions.swift; sourceTree = "<group>"; };
		884921E41BBBDF3700EA150A /* DoubleExtensions.swift */ = {isa = PBXFileReference; fileEncoding = 4; lastKnownFileType = sourcecode.swift; path = DoubleExtensions.swift; sourceTree = "<group>"; };
		884921E51BBBDF3700EA150A /* EasyDispatch.swift */ = {isa = PBXFileReference; fileEncoding = 4; lastKnownFileType = sourcecode.swift; path = EasyDispatch.swift; sourceTree = "<group>"; };
		884921E61BBBDF3700EA150A /* EasyError.swift */ = {isa = PBXFileReference; fileEncoding = 4; lastKnownFileType = sourcecode.swift; path = EasyError.swift; sourceTree = "<group>"; };
		884921E71BBBDF3700EA150A /* EasyHelper.swift */ = {isa = PBXFileReference; fileEncoding = 4; lastKnownFileType = sourcecode.swift; path = EasyHelper.swift; sourceTree = "<group>"; };
		884921E81BBBDF3700EA150A /* UIAlertController.swift */ = {isa = PBXFileReference; fileEncoding = 4; lastKnownFileType = sourcecode.swift; path = UIAlertController.swift; sourceTree = "<group>"; };
		884921E91BBBDF3700EA150A /* FloatExtensions.swift */ = {isa = PBXFileReference; fileEncoding = 4; lastKnownFileType = sourcecode.swift; path = FloatExtensions.swift; sourceTree = "<group>"; };
		884921EA1BBBDF3700EA150A /* IntExtensions.swift */ = {isa = PBXFileReference; fileEncoding = 4; lastKnownFileType = sourcecode.swift; path = IntExtensions.swift; sourceTree = "<group>"; };
		884921EB1BBBDF3700EA150A /* MPMoviePlayerController.swift */ = {isa = PBXFileReference; fileEncoding = 4; lastKnownFileType = sourcecode.swift; path = MPMoviePlayerController.swift; sourceTree = "<group>"; };
		884921EC1BBBDF3700EA150A /* NSDateExtensions.swift */ = {isa = PBXFileReference; fileEncoding = 4; lastKnownFileType = sourcecode.swift; path = NSDateExtensions.swift; sourceTree = "<group>"; };
		884921ED1BBBDF3700EA150A /* SetExtensions.swift */ = {isa = PBXFileReference; fileEncoding = 4; lastKnownFileType = sourcecode.swift; path = SetExtensions.swift; sourceTree = "<group>"; };
		884921F01BBBDF3700EA150A /* StringExtensions.swift */ = {isa = PBXFileReference; fileEncoding = 4; lastKnownFileType = sourcecode.swift; path = StringExtensions.swift; sourceTree = "<group>"; };
		884921F11BBBDF3700EA150A /* UIColorExtensions.swift */ = {isa = PBXFileReference; fileEncoding = 4; lastKnownFileType = sourcecode.swift; path = UIColorExtensions.swift; sourceTree = "<group>"; };
		884921F21BBBDF3700EA150A /* UIImageExtensions.swift */ = {isa = PBXFileReference; fileEncoding = 4; lastKnownFileType = sourcecode.swift; path = UIImageExtensions.swift; sourceTree = "<group>"; };
		884921F31BBBDF3700EA150A /* UIImageViewExtensions.swift */ = {isa = PBXFileReference; fileEncoding = 4; lastKnownFileType = sourcecode.swift; path = UIImageViewExtensions.swift; sourceTree = "<group>"; };
		884921F41BBBDF3700EA150A /* UILabelExtensions.swift */ = {isa = PBXFileReference; fileEncoding = 4; lastKnownFileType = sourcecode.swift; path = UILabelExtensions.swift; sourceTree = "<group>"; };
		884921F51BBBDF3700EA150A /* UIRectCornerExtensions.swift */ = {isa = PBXFileReference; fileEncoding = 4; lastKnownFileType = sourcecode.swift; path = UIRectCornerExtensions.swift; sourceTree = "<group>"; };
		884921F61BBBDF3700EA150A /* UIViewExtensions.swift */ = {isa = PBXFileReference; fileEncoding = 4; lastKnownFileType = sourcecode.swift; path = UIViewExtensions.swift; sourceTree = "<group>"; };
		884922141BBBDF3F00EA150A /* Test.swift */ = {isa = PBXFileReference; fileEncoding = 4; lastKnownFileType = sourcecode.swift; path = Test.swift; sourceTree = "<group>"; };
		884922151BBBDF3F00EA150A /* TestEasyDispath.swift */ = {isa = PBXFileReference; fileEncoding = 4; lastKnownFileType = sourcecode.swift; path = TestEasyDispath.swift; sourceTree = "<group>"; };
		884922161BBBDF3F00EA150A /* TestNSDateExtensions.swift */ = {isa = PBXFileReference; fileEncoding = 4; lastKnownFileType = sourcecode.swift; path = TestNSDateExtensions.swift; sourceTree = "<group>"; };
		884922171BBBDF3F00EA150A /* TestStringExtensions.swift */ = {isa = PBXFileReference; fileEncoding = 4; lastKnownFileType = sourcecode.swift; path = TestStringExtensions.swift; sourceTree = "<group>"; };
		884922231BBBE43E00EA150A /* TestNumber.swift */ = {isa = PBXFileReference; fileEncoding = 4; lastKnownFileType = sourcecode.swift; path = TestNumber.swift; sourceTree = "<group>"; };
		8856891A1BD7A6950030765F /* UINavigationController.swift */ = {isa = PBXFileReference; fileEncoding = 4; lastKnownFileType = sourcecode.swift; path = UINavigationController.swift; sourceTree = "<group>"; };
		886086051BBE6A4C00ABCF58 /* SequenceTypeExtensions.swift */ = {isa = PBXFileReference; fileEncoding = 4; lastKnownFileType = sourcecode.swift; path = SequenceTypeExtensions.swift; sourceTree = "<group>"; };
		8860860A1BBE6C0500ABCF58 /* TestSequenceType.swift */ = {isa = PBXFileReference; fileEncoding = 4; lastKnownFileType = sourcecode.swift; path = TestSequenceType.swift; sourceTree = "<group>"; };
		88AD7DBC1BC8200E001D555B /* NSLayoutConstraintsExtensions.swift */ = {isa = PBXFileReference; fileEncoding = 4; lastKnownFileType = sourcecode.swift; path = NSLayoutConstraintsExtensions.swift; sourceTree = "<group>"; };
		88AEBD691BC2D6F500B392E7 /* UIScrollViewExtensions.swift */ = {isa = PBXFileReference; fileEncoding = 4; lastKnownFileType = sourcecode.swift; path = UIScrollViewExtensions.swift; sourceTree = "<group>"; };
		88C77E6C1BEDF75A003208E5 /* NSBundleExtensions.swift */ = {isa = PBXFileReference; fileEncoding = 4; lastKnownFileType = sourcecode.swift; path = NSBundleExtensions.swift; sourceTree = "<group>"; };
		88CA195C1BC3102A00C133EB /* UIViewControllerExtensions.swift */ = {isa = PBXFileReference; fileEncoding = 4; lastKnownFileType = sourcecode.swift; path = UIViewControllerExtensions.swift; sourceTree = "<group>"; };
		88CA195E1BC3132B00C133EB /* NSDataExtensions.swift */ = {isa = PBXFileReference; fileEncoding = 4; lastKnownFileType = sourcecode.swift; path = NSDataExtensions.swift; sourceTree = "<group>"; };
		88CA19601BC3142A00C133EB /* NSURLConnectionExtensions.swift */ = {isa = PBXFileReference; fileEncoding = 4; lastKnownFileType = sourcecode.swift; path = NSURLConnectionExtensions.swift; sourceTree = "<group>"; };
		88CA19621BC3152800C133EB /* NStringExtensions.swift */ = {isa = PBXFileReference; fileEncoding = 4; lastKnownFileType = sourcecode.swift; path = NStringExtensions.swift; sourceTree = "<group>"; };
		88CA19641BC3167D00C133EB /* UIFontExtensions.swift */ = {isa = PBXFileReference; fileEncoding = 4; lastKnownFileType = sourcecode.swift; path = UIFontExtensions.swift; sourceTree = "<group>"; };
		88CA19661BC317AA00C133EB /* UIButton.swift */ = {isa = PBXFileReference; fileEncoding = 4; lastKnownFileType = sourcecode.swift; path = UIButton.swift; sourceTree = "<group>"; };
/* End PBXFileReference section */

/* Begin PBXFrameworksBuildPhase section */
		880C75411BCF9BD1000564DE /* Frameworks */ = {
			isa = PBXFrameworksBuildPhase;
			buildActionMask = 2147483647;
			files = (
			);
			runOnlyForDeploymentPostprocessing = 0;
		};
		884921831BBBDE2700EA150A /* Frameworks */ = {
			isa = PBXFrameworksBuildPhase;
			buildActionMask = 2147483647;
			files = (
			);
			runOnlyForDeploymentPostprocessing = 0;
		};
		8849218E1BBBDE2700EA150A /* Frameworks */ = {
			isa = PBXFrameworksBuildPhase;
			buildActionMask = 2147483647;
			files = (
				884921921BBBDE2700EA150A /* EasyHelper.framework in Frameworks */,
			);
			runOnlyForDeploymentPostprocessing = 0;
		};
/* End PBXFrameworksBuildPhase section */

/* Begin PBXGroup section */
		880C75311BCF91D2000564DE /* WatchOS */ = {
			isa = PBXGroup;
			children = (
				880C755A1BCF9CDE000564DE /* WCSessionDelegateExtensions.swift */,
			);
			name = WatchOS;
			sourceTree = "<group>";
		};
		880C75461BCF9BD1000564DE /* EasyHelperWatch */ = {
			isa = PBXGroup;
			children = (
				880C75321BCF91ED000564DE /* WatchHelper.swift */,
				880C75471BCF9BD1000564DE /* EasyHelperWatch.h */,
				880C75491BCF9BD1000564DE /* Info.plist */,
			);
			path = EasyHelperWatch;
			sourceTree = "<group>";
		};
		8849217D1BBBDE2700EA150A = {
			isa = PBXGroup;
			children = (
				884921891BBBDE2700EA150A /* EasyHelper */,
				884921951BBBDE2700EA150A /* EasyHelperTests */,
				880C75461BCF9BD1000564DE /* EasyHelperWatch */,
				884921881BBBDE2700EA150A /* Products */,
			);
			sourceTree = "<group>";
		};
		884921881BBBDE2700EA150A /* Products */ = {
			isa = PBXGroup;
			children = (
				884921871BBBDE2700EA150A /* EasyHelper.framework */,
				884921911BBBDE2700EA150A /* EasyHelperTests.xctest */,
				880C75451BCF9BD1000564DE /* EasyHelperWatch.framework */,
			);
			name = Products;
			sourceTree = "<group>";
		};
		884921891BBBDE2700EA150A /* EasyHelper */ = {
			isa = PBXGroup;
			children = (
				884922251BBBE72A00EA150A /* Helper */,
				884922221BBBE3D900EA150A /* Bool */,
				884922211BBBE3A800EA150A /* String */,
				884922201BBBE36B00EA150A /* NS */,
				8849221F1BBBE35200EA150A /* Numbers */,
				8849221E1BBBE31000EA150A /* CoreGraphics */,
				8849221D1BBBE2FD00EA150A /* SequenceType */,
				8849221C1BBBE2E600EA150A /* UI */,
				887221EB1BBC79C2009B3438 /* Wait to add */,
				8849218A1BBBDE2700EA150A /* EasyHelper.h */,
				8849218C1BBBDE2700EA150A /* Info.plist */,
			);
			path = EasyHelper;
			sourceTree = "<group>";
		};
		884921951BBBDE2700EA150A /* EasyHelperTests */ = {
			isa = PBXGroup;
			children = (
				886086071BBE6BDE00ABCF58 /* SequenceType */,
				884922281BBBE78C00EA150A /* Numbers */,
				884922271BBBE77B00EA150A /* String */,
				884922261BBBE77600EA150A /* NS */,
				884922141BBBDF3F00EA150A /* Test.swift */,
				884922151BBBDF3F00EA150A /* TestEasyDispath.swift */,
				884921981BBBDE2700EA150A /* Info.plist */,
				884921D91BBBDEEA00EA150A /* EasyHelperTests-Bridging-Header.h */,
			);
			path = EasyHelperTests;
			sourceTree = "<group>";
		};
		8849221C1BBBE2E600EA150A /* UI */ = {
			isa = PBXGroup;
			children = (
				884921F61BBBDF3700EA150A /* UIViewExtensions.swift */,
				884921E81BBBDF3700EA150A /* UIAlertController.swift */,
				88CA195C1BC3102A00C133EB /* UIViewControllerExtensions.swift */,
				88AEBD691BC2D6F500B392E7 /* UIScrollViewExtensions.swift */,
				884921F11BBBDF3700EA150A /* UIColorExtensions.swift */,
				884921F21BBBDF3700EA150A /* UIImageExtensions.swift */,
				884921F41BBBDF3700EA150A /* UILabelExtensions.swift */,
				884921F31BBBDF3700EA150A /* UIImageViewExtensions.swift */,
				884921F51BBBDF3700EA150A /* UIRectCornerExtensions.swift */,
				88CA19641BC3167D00C133EB /* UIFontExtensions.swift */,
				88CA19661BC317AA00C133EB /* UIButton.swift */,
				8856891A1BD7A6950030765F /* UINavigationController.swift */,
			);
			name = UI;
			sourceTree = "<group>";
		};
		8849221D1BBBE2FD00EA150A /* SequenceType */ = {
			isa = PBXGroup;
			children = (
				886086051BBE6A4C00ABCF58 /* SequenceTypeExtensions.swift */,
				884921E31BBBDF3700EA150A /* DictionaryExtensions.swift */,
				884921DB1BBBDF3700EA150A /* ArrayExtensions.swift */,
				884921ED1BBBDF3700EA150A /* SetExtensions.swift */,
			);
			name = SequenceType;
			sourceTree = "<group>";
		};
		8849221E1BBBE31000EA150A /* CoreGraphics */ = {
			isa = PBXGroup;
			children = (
				884921DD1BBBDF3700EA150A /* CALayerExtensions.swift */,
				884921DF1BBBDF3700EA150A /* CGPointExtensions.swift */,
				884921E01BBBDF3700EA150A /* CGRectExtensions.swift */,
				884921E11BBBDF3700EA150A /* CGSizeExtensions.swift */,
			);
			name = CoreGraphics;
			sourceTree = "<group>";
		};
		8849221F1BBBE35200EA150A /* Numbers */ = {
			isa = PBXGroup;
			children = (
				884921DE1BBBDF3700EA150A /* CGFloatExtensions.swift */,
				884921EA1BBBDF3700EA150A /* IntExtensions.swift */,
				884921E91BBBDF3700EA150A /* FloatExtensions.swift */,
				884921E41BBBDF3700EA150A /* DoubleExtensions.swift */,
			);
			name = Numbers;
			sourceTree = "<group>";
		};
		884922201BBBE36B00EA150A /* NS */ = {
			isa = PBXGroup;
			children = (
				884921EC1BBBDF3700EA150A /* NSDateExtensions.swift */,
				88CA195E1BC3132B00C133EB /* NSDataExtensions.swift */,
				88CA19601BC3142A00C133EB /* NSURLConnectionExtensions.swift */,
				88CA19621BC3152800C133EB /* NStringExtensions.swift */,
				88AD7DBC1BC8200E001D555B /* NSLayoutConstraintsExtensions.swift */,
				88C77E6C1BEDF75A003208E5 /* NSBundleExtensions.swift */,
			);
			name = NS;
			sourceTree = "<group>";
		};
		884922211BBBE3A800EA150A /* String */ = {
			isa = PBXGroup;
			children = (
				884921F01BBBDF3700EA150A /* StringExtensions.swift */,
			);
			name = String;
			sourceTree = "<group>";
		};
		884922221BBBE3D900EA150A /* Bool */ = {
			isa = PBXGroup;
			children = (
				884921DC1BBBDF3700EA150A /* BoolExtensions.swift */,
			);
			name = Bool;
			sourceTree = "<group>";
		};
		884922251BBBE72A00EA150A /* Helper */ = {
			isa = PBXGroup;
			children = (
				880C75311BCF91D2000564DE /* WatchOS */,
				884921E21BBBDF3700EA150A /* EasyDebug.swift */,
				884921E51BBBDF3700EA150A /* EasyDispatch.swift */,
				884921E61BBBDF3700EA150A /* EasyError.swift */,
				884921E71BBBDF3700EA150A /* EasyHelper.swift */,
				880C755E1BD0E2E6000564DE /* HelperSound.swift */,
				880C75601BD0ECA0000564DE /* EasyTimer.swift */,
			);
			name = Helper;
			sourceTree = "<group>";
		};
		884922261BBBE77600EA150A /* NS */ = {
			isa = PBXGroup;
			children = (
				884922161BBBDF3F00EA150A /* TestNSDateExtensions.swift */,
			);
			name = NS;
			sourceTree = "<group>";
		};
		884922271BBBE77B00EA150A /* String */ = {
			isa = PBXGroup;
			children = (
				884922171BBBDF3F00EA150A /* TestStringExtensions.swift */,
			);
			name = String;
			sourceTree = "<group>";
		};
		884922281BBBE78C00EA150A /* Numbers */ = {
			isa = PBXGroup;
			children = (
				884922231BBBE43E00EA150A /* TestNumber.swift */,
			);
			name = Numbers;
			sourceTree = "<group>";
		};
		886086071BBE6BDE00ABCF58 /* SequenceType */ = {
			isa = PBXGroup;
			children = (
				8860860A1BBE6C0500ABCF58 /* TestSequenceType.swift */,
			);
			name = SequenceType;
			sourceTree = "<group>";
		};
		887221EB1BBC79C2009B3438 /* Wait to add */ = {
			isa = PBXGroup;
			children = (
				884921EB1BBBDF3700EA150A /* MPMoviePlayerController.swift */,
			);
			name = "Wait to add";
			sourceTree = "<group>";
		};
/* End PBXGroup section */

/* Begin PBXHeadersBuildPhase section */
		880C75421BCF9BD1000564DE /* Headers */ = {
			isa = PBXHeadersBuildPhase;
			buildActionMask = 2147483647;
			files = (
				880C75481BCF9BD1000564DE /* EasyHelperWatch.h in Headers */,
			);
			runOnlyForDeploymentPostprocessing = 0;
		};
		884921841BBBDE2700EA150A /* Headers */ = {
			isa = PBXHeadersBuildPhase;
			buildActionMask = 2147483647;
			files = (
				8849218B1BBBDE2700EA150A /* EasyHelper.h in Headers */,
			);
			runOnlyForDeploymentPostprocessing = 0;
		};
/* End PBXHeadersBuildPhase section */

/* Begin PBXNativeTarget section */
		880C75441BCF9BD1000564DE /* EasyHelperWatch */ = {
			isa = PBXNativeTarget;
			buildConfigurationList = 880C754A1BCF9BD1000564DE /* Build configuration list for PBXNativeTarget "EasyHelperWatch" */;
			buildPhases = (
				880C75401BCF9BD1000564DE /* Sources */,
				880C75411BCF9BD1000564DE /* Frameworks */,
				880C75421BCF9BD1000564DE /* Headers */,
				880C75431BCF9BD1000564DE /* Resources */,
			);
			buildRules = (
			);
			dependencies = (
			);
			name = EasyHelperWatch;
			productName = EasyHelperWatch;
			productReference = 880C75451BCF9BD1000564DE /* EasyHelperWatch.framework */;
			productType = "com.apple.product-type.framework";
		};
		884921861BBBDE2700EA150A /* EasyHelper */ = {
			isa = PBXNativeTarget;
			buildConfigurationList = 8849219B1BBBDE2700EA150A /* Build configuration list for PBXNativeTarget "EasyHelper" */;
			buildPhases = (
				884921821BBBDE2700EA150A /* Sources */,
				884921831BBBDE2700EA150A /* Frameworks */,
				884921841BBBDE2700EA150A /* Headers */,
				884921851BBBDE2700EA150A /* Resources */,
			);
			buildRules = (
			);
			dependencies = (
			);
			name = EasyHelper;
			productName = EasyHelper;
			productReference = 884921871BBBDE2700EA150A /* EasyHelper.framework */;
			productType = "com.apple.product-type.framework";
		};
		884921901BBBDE2700EA150A /* EasyHelperTests */ = {
			isa = PBXNativeTarget;
			buildConfigurationList = 8849219E1BBBDE2700EA150A /* Build configuration list for PBXNativeTarget "EasyHelperTests" */;
			buildPhases = (
				8849218D1BBBDE2700EA150A /* Sources */,
				8849218E1BBBDE2700EA150A /* Frameworks */,
				8849218F1BBBDE2700EA150A /* Resources */,
			);
			buildRules = (
			);
			dependencies = (
				884921941BBBDE2700EA150A /* PBXTargetDependency */,
			);
			name = EasyHelperTests;
			productName = EasyHelperTests;
			productReference = 884921911BBBDE2700EA150A /* EasyHelperTests.xctest */;
			productType = "com.apple.product-type.bundle.unit-test";
		};
/* End PBXNativeTarget section */

/* Begin PBXProject section */
		8849217E1BBBDE2700EA150A /* Project object */ = {
			isa = PBXProject;
			attributes = {
				LastSwiftUpdateCheck = 0700;
				LastUpgradeCheck = 0700;
				ORGANIZATIONNAME = "DaRk-_-D0G";
				TargetAttributes = {
					880C75441BCF9BD1000564DE = {
						CreatedOnToolsVersion = 7.0.1;
					};
					884921861BBBDE2700EA150A = {
						CreatedOnToolsVersion = 7.0.1;
						DevelopmentTeam = 35AB7NVN6H;
					};
					884921901BBBDE2700EA150A = {
						CreatedOnToolsVersion = 7.0.1;
					};
				};
			};
			buildConfigurationList = 884921811BBBDE2700EA150A /* Build configuration list for PBXProject "EasyHelper" */;
			compatibilityVersion = "Xcode 3.2";
			developmentRegion = English;
			hasScannedForEncodings = 0;
			knownRegions = (
				en,
			);
			mainGroup = 8849217D1BBBDE2700EA150A;
			productRefGroup = 884921881BBBDE2700EA150A /* Products */;
			projectDirPath = "";
			projectRoot = "";
			targets = (
				884921861BBBDE2700EA150A /* EasyHelper */,
				884921901BBBDE2700EA150A /* EasyHelperTests */,
				880C75441BCF9BD1000564DE /* EasyHelperWatch */,
			);
		};
/* End PBXProject section */

/* Begin PBXResourcesBuildPhase section */
		880C75431BCF9BD1000564DE /* Resources */ = {
			isa = PBXResourcesBuildPhase;
			buildActionMask = 2147483647;
			files = (
			);
			runOnlyForDeploymentPostprocessing = 0;
		};
		884921851BBBDE2700EA150A /* Resources */ = {
			isa = PBXResourcesBuildPhase;
			buildActionMask = 2147483647;
			files = (
			);
			runOnlyForDeploymentPostprocessing = 0;
		};
		8849218F1BBBDE2700EA150A /* Resources */ = {
			isa = PBXResourcesBuildPhase;
			buildActionMask = 2147483647;
			files = (
			);
			runOnlyForDeploymentPostprocessing = 0;
		};
/* End PBXResourcesBuildPhase section */

/* Begin PBXSourcesBuildPhase section */
		880C75401BCF9BD1000564DE /* Sources */ = {
			isa = PBXSourcesBuildPhase;
			buildActionMask = 2147483647;
			files = (
				880C754D1BCF9BFD000564DE /* WatchHelper.swift in Sources */,
			);
			runOnlyForDeploymentPostprocessing = 0;
		};
		884921821BBBDE2700EA150A /* Sources */ = {
			isa = PBXSourcesBuildPhase;
			buildActionMask = 2147483647;
			files = (
				880C755F1BD0E2E6000564DE /* HelperSound.swift in Sources */,
				884921F81BBBDF3700EA150A /* ArrayExtensions.swift in Sources */,
				884922121BBBDF3700EA150A /* UIRectCornerExtensions.swift in Sources */,
				884921FD1BBBDF3700EA150A /* CGRectExtensions.swift in Sources */,
				8849220F1BBBDF3700EA150A /* UIImageExtensions.swift in Sources */,
				884922061BBBDF3700EA150A /* FloatExtensions.swift in Sources */,
				8856891B1BD7A6950030765F /* UINavigationController.swift in Sources */,
				884922011BBBDF3700EA150A /* DoubleExtensions.swift in Sources */,
				880C75611BD0ECA0000564DE /* EasyTimer.swift in Sources */,
				884922001BBBDF3700EA150A /* DictionaryExtensions.swift in Sources */,
				880C755B1BCF9CDE000564DE /* WCSessionDelegateExtensions.swift in Sources */,
				88CA19631BC3152800C133EB /* NStringExtensions.swift in Sources */,
				8849220D1BBBDF3700EA150A /* StringExtensions.swift in Sources */,
				884922041BBBDF3700EA150A /* EasyHelper.swift in Sources */,
				884921FA1BBBDF3700EA150A /* CALayerExtensions.swift in Sources */,
				886086061BBE6A4C00ABCF58 /* SequenceTypeExtensions.swift in Sources */,
				884921FC1BBBDF3700EA150A /* CGPointExtensions.swift in Sources */,
				884921FB1BBBDF3700EA150A /* CGFloatExtensions.swift in Sources */,
				884922071BBBDF3700EA150A /* IntExtensions.swift in Sources */,
				88CA195D1BC3102A00C133EB /* UIViewControllerExtensions.swift in Sources */,
				884922081BBBDF3700EA150A /* MPMoviePlayerController.swift in Sources */,
				88CA19671BC317AA00C133EB /* UIButton.swift in Sources */,
				884922021BBBDF3700EA150A /* EasyDispatch.swift in Sources */,
				884922111BBBDF3700EA150A /* UILabelExtensions.swift in Sources */,
				8849220E1BBBDF3700EA150A /* UIColorExtensions.swift in Sources */,
				884922051BBBDF3700EA150A /* UIAlertController.swift in Sources */,
				88AEBD6A1BC2D6F500B392E7 /* UIScrollViewExtensions.swift in Sources */,
				884922101BBBDF3700EA150A /* UIImageViewExtensions.swift in Sources */,
				88C77E6D1BEDF75A003208E5 /* NSBundleExtensions.swift in Sources */,
				884921F91BBBDF3700EA150A /* BoolExtensions.swift in Sources */,
				884922131BBBDF3700EA150A /* UIViewExtensions.swift in Sources */,
				884922091BBBDF3700EA150A /* NSDateExtensions.swift in Sources */,
				88AD7DBD1BC8200E001D555B /* NSLayoutConstraintsExtensions.swift in Sources */,
				88CA19651BC3167D00C133EB /* UIFontExtensions.swift in Sources */,
				884921FE1BBBDF3700EA150A /* CGSizeExtensions.swift in Sources */,
				88CA195F1BC3132B00C133EB /* NSDataExtensions.swift in Sources */,
				88CA19611BC3142A00C133EB /* NSURLConnectionExtensions.swift in Sources */,
				884922031BBBDF3700EA150A /* EasyError.swift in Sources */,
				8849220A1BBBDF3700EA150A /* SetExtensions.swift in Sources */,
				884921FF1BBBDF3700EA150A /* EasyDebug.swift in Sources */,
			);
			runOnlyForDeploymentPostprocessing = 0;
		};
		8849218D1BBBDE2700EA150A /* Sources */ = {
			isa = PBXSourcesBuildPhase;
			buildActionMask = 2147483647;
			files = (
				8860860B1BBE6C0500ABCF58 /* TestSequenceType.swift in Sources */,
				8849221B1BBBDF3F00EA150A /* TestStringExtensions.swift in Sources */,
				884922181BBBDF3F00EA150A /* Test.swift in Sources */,
				884922191BBBDF3F00EA150A /* TestEasyDispath.swift in Sources */,
				8849221A1BBBDF3F00EA150A /* TestNSDateExtensions.swift in Sources */,
				884922241BBBE43E00EA150A /* TestNumber.swift in Sources */,
			);
			runOnlyForDeploymentPostprocessing = 0;
		};
/* End PBXSourcesBuildPhase section */

/* Begin PBXTargetDependency section */
		884921941BBBDE2700EA150A /* PBXTargetDependency */ = {
			isa = PBXTargetDependency;
			target = 884921861BBBDE2700EA150A /* EasyHelper */;
			targetProxy = 884921931BBBDE2700EA150A /* PBXContainerItemProxy */;
		};
/* End PBXTargetDependency section */

/* Begin XCBuildConfiguration section */
		880C754B1BCF9BD1000564DE /* Debug */ = {
			isa = XCBuildConfiguration;
			buildSettings = {
				DEFINES_MODULE = YES;
				DYLIB_COMPATIBILITY_VERSION = 1;
				DYLIB_CURRENT_VERSION = 1;
				DYLIB_INSTALL_NAME_BASE = "@rpath";
				INFOPLIST_FILE = EasyHelperWatch/Info.plist;
				INSTALL_PATH = "$(LOCAL_LIBRARY_DIR)/Frameworks";
				LD_RUNPATH_SEARCH_PATHS = "$(inherited) @executable_path/Frameworks @loader_path/Frameworks";
				PRODUCT_BUNDLE_IDENTIFIER = redwolfstudio.EasyHelperWatch;
				PRODUCT_NAME = "$(TARGET_NAME)";
				SDKROOT = watchos;
				SKIP_INSTALL = YES;
				TARGETED_DEVICE_FAMILY = 4;
				WATCHOS_DEPLOYMENT_TARGET = 2.0;
			};
			name = Debug;
		};
		880C754C1BCF9BD1000564DE /* Release */ = {
			isa = XCBuildConfiguration;
			buildSettings = {
				DEFINES_MODULE = YES;
				DYLIB_COMPATIBILITY_VERSION = 1;
				DYLIB_CURRENT_VERSION = 1;
				DYLIB_INSTALL_NAME_BASE = "@rpath";
				INFOPLIST_FILE = EasyHelperWatch/Info.plist;
				INSTALL_PATH = "$(LOCAL_LIBRARY_DIR)/Frameworks";
				LD_RUNPATH_SEARCH_PATHS = "$(inherited) @executable_path/Frameworks @loader_path/Frameworks";
				PRODUCT_BUNDLE_IDENTIFIER = redwolfstudio.EasyHelperWatch;
				PRODUCT_NAME = "$(TARGET_NAME)";
				SDKROOT = watchos;
				SKIP_INSTALL = YES;
				TARGETED_DEVICE_FAMILY = 4;
				WATCHOS_DEPLOYMENT_TARGET = 2.0;
			};
			name = Release;
		};
		884921991BBBDE2700EA150A /* Debug */ = {
			isa = XCBuildConfiguration;
			buildSettings = {
				ALWAYS_SEARCH_USER_PATHS = NO;
				APPLICATION_EXTENSION_API_ONLY = YES;
				CLANG_CXX_LANGUAGE_STANDARD = "gnu++0x";
				CLANG_CXX_LIBRARY = "libc++";
				CLANG_ENABLE_MODULES = YES;
				CLANG_ENABLE_OBJC_ARC = YES;
				CLANG_WARN_BOOL_CONVERSION = YES;
				CLANG_WARN_CONSTANT_CONVERSION = YES;
				CLANG_WARN_DIRECT_OBJC_ISA_USAGE = YES_ERROR;
				CLANG_WARN_EMPTY_BODY = YES;
				CLANG_WARN_ENUM_CONVERSION = YES;
				CLANG_WARN_INT_CONVERSION = YES;
				CLANG_WARN_OBJC_ROOT_CLASS = YES_ERROR;
				CLANG_WARN_UNREACHABLE_CODE = YES;
				CLANG_WARN__DUPLICATE_METHOD_MATCH = YES;
				"CODE_SIGN_IDENTITY[sdk=iphoneos*]" = "iPhone Developer";
				COPY_PHASE_STRIP = NO;
				CURRENT_PROJECT_VERSION = 1;
				DEBUG_INFORMATION_FORMAT = dwarf;
				ENABLE_STRICT_OBJC_MSGSEND = YES;
				ENABLE_TESTABILITY = YES;
				GCC_C_LANGUAGE_STANDARD = gnu99;
				GCC_DYNAMIC_NO_PIC = NO;
				GCC_NO_COMMON_BLOCKS = YES;
				GCC_OPTIMIZATION_LEVEL = 0;
				GCC_PREPROCESSOR_DEFINITIONS = (
					"DEBUG=1",
					"$(inherited)",
				);
				GCC_WARN_64_TO_32_BIT_CONVERSION = YES;
				GCC_WARN_ABOUT_RETURN_TYPE = YES_ERROR;
				GCC_WARN_UNDECLARED_SELECTOR = YES;
				GCC_WARN_UNINITIALIZED_AUTOS = YES_AGGRESSIVE;
				GCC_WARN_UNUSED_FUNCTION = YES;
				GCC_WARN_UNUSED_VARIABLE = YES;
				IPHONEOS_DEPLOYMENT_TARGET = 8.0;
				MTL_ENABLE_DEBUG_INFO = YES;
				ONLY_ACTIVE_ARCH = YES;
				SDKROOT = iphoneos;
				SWIFT_OPTIMIZATION_LEVEL = "-Onone";
				TARGETED_DEVICE_FAMILY = "1,2";
				VERSIONING_SYSTEM = "apple-generic";
				VERSION_INFO_PREFIX = "";
			};
			name = Debug;
		};
		8849219A1BBBDE2700EA150A /* Release */ = {
			isa = XCBuildConfiguration;
			buildSettings = {
				ALWAYS_SEARCH_USER_PATHS = NO;
				APPLICATION_EXTENSION_API_ONLY = YES;
				CLANG_CXX_LANGUAGE_STANDARD = "gnu++0x";
				CLANG_CXX_LIBRARY = "libc++";
				CLANG_ENABLE_MODULES = YES;
				CLANG_ENABLE_OBJC_ARC = YES;
				CLANG_WARN_BOOL_CONVERSION = YES;
				CLANG_WARN_CONSTANT_CONVERSION = YES;
				CLANG_WARN_DIRECT_OBJC_ISA_USAGE = YES_ERROR;
				CLANG_WARN_EMPTY_BODY = YES;
				CLANG_WARN_ENUM_CONVERSION = YES;
				CLANG_WARN_INT_CONVERSION = YES;
				CLANG_WARN_OBJC_ROOT_CLASS = YES_ERROR;
				CLANG_WARN_UNREACHABLE_CODE = YES;
				CLANG_WARN__DUPLICATE_METHOD_MATCH = YES;
				"CODE_SIGN_IDENTITY[sdk=iphoneos*]" = "iPhone Developer";
				COPY_PHASE_STRIP = NO;
				CURRENT_PROJECT_VERSION = 1;
				DEBUG_INFORMATION_FORMAT = "dwarf-with-dsym";
				ENABLE_NS_ASSERTIONS = NO;
				ENABLE_STRICT_OBJC_MSGSEND = YES;
				GCC_C_LANGUAGE_STANDARD = gnu99;
				GCC_NO_COMMON_BLOCKS = YES;
				GCC_WARN_64_TO_32_BIT_CONVERSION = YES;
				GCC_WARN_ABOUT_RETURN_TYPE = YES_ERROR;
				GCC_WARN_UNDECLARED_SELECTOR = YES;
				GCC_WARN_UNINITIALIZED_AUTOS = YES_AGGRESSIVE;
				GCC_WARN_UNUSED_FUNCTION = YES;
				GCC_WARN_UNUSED_VARIABLE = YES;
				IPHONEOS_DEPLOYMENT_TARGET = 8.0;
				MTL_ENABLE_DEBUG_INFO = NO;
				SDKROOT = iphoneos;
				TARGETED_DEVICE_FAMILY = "1,2";
				VALIDATE_PRODUCT = YES;
				VERSIONING_SYSTEM = "apple-generic";
				VERSION_INFO_PREFIX = "";
			};
			name = Release;
		};
		8849219C1BBBDE2700EA150A /* Debug */ = {
			isa = XCBuildConfiguration;
			buildSettings = {
				APPLICATION_EXTENSION_API_ONLY = NO;
				CLANG_ENABLE_MODULES = YES;
				CODE_SIGN_IDENTITY = "iPhone Developer";
				DEFINES_MODULE = YES;
				DYLIB_COMPATIBILITY_VERSION = 1;
				DYLIB_CURRENT_VERSION = 1;
				DYLIB_INSTALL_NAME_BASE = "@rpath";
				INFOPLIST_FILE = EasyHelper/Info.plist;
				INSTALL_PATH = "$(LOCAL_LIBRARY_DIR)/Frameworks";
				IPHONEOS_DEPLOYMENT_TARGET = 8.0;
				LD_RUNPATH_SEARCH_PATHS = "$(inherited) @executable_path/Frameworks @loader_path/Frameworks";
				PRODUCT_BUNDLE_IDENTIFIER = redwolfstudio.EasyHelper;
				PRODUCT_NAME = "$(TARGET_NAME)";
				SKIP_INSTALL = YES;
				SWIFT_OPTIMIZATION_LEVEL = "-Onone";
			};
			name = Debug;
		};
		8849219D1BBBDE2700EA150A /* Release */ = {
			isa = XCBuildConfiguration;
			buildSettings = {
				APPLICATION_EXTENSION_API_ONLY = NO;
				CLANG_ENABLE_MODULES = YES;
				CODE_SIGN_IDENTITY = "iPhone Developer";
				DEFINES_MODULE = YES;
				DYLIB_COMPATIBILITY_VERSION = 1;
				DYLIB_CURRENT_VERSION = 1;
				DYLIB_INSTALL_NAME_BASE = "@rpath";
				INFOPLIST_FILE = EasyHelper/Info.plist;
				INSTALL_PATH = "$(LOCAL_LIBRARY_DIR)/Frameworks";
				IPHONEOS_DEPLOYMENT_TARGET = 8.0;
				LD_RUNPATH_SEARCH_PATHS = "$(inherited) @executable_path/Frameworks @loader_path/Frameworks";
				PRODUCT_BUNDLE_IDENTIFIER = redwolfstudio.EasyHelper;
				PRODUCT_NAME = "$(TARGET_NAME)";
				SKIP_INSTALL = YES;
			};
			name = Release;
		};
		8849219F1BBBDE2700EA150A /* Debug */ = {
			isa = XCBuildConfiguration;
			buildSettings = {
				CLANG_ENABLE_MODULES = YES;
				INFOPLIST_FILE = EasyHelperTests/Info.plist;
				LD_RUNPATH_SEARCH_PATHS = "$(inherited) @executable_path/Frameworks @loader_path/Frameworks";
				PRODUCT_BUNDLE_IDENTIFIER = redwolfstudio.EasyHelperTests;
				PRODUCT_NAME = "$(TARGET_NAME)";
				SWIFT_OBJC_BRIDGING_HEADER = "EasyHelperTests/EasyHelperTests-Bridging-Header.h";
				SWIFT_OPTIMIZATION_LEVEL = "-Onone";
			};
			name = Debug;
		};
		884921A01BBBDE2700EA150A /* Release */ = {
			isa = XCBuildConfiguration;
			buildSettings = {
				CLANG_ENABLE_MODULES = YES;
				INFOPLIST_FILE = EasyHelperTests/Info.plist;
				LD_RUNPATH_SEARCH_PATHS = "$(inherited) @executable_path/Frameworks @loader_path/Frameworks";
				PRODUCT_BUNDLE_IDENTIFIER = redwolfstudio.EasyHelperTests;
				PRODUCT_NAME = "$(TARGET_NAME)";
				SWIFT_OBJC_BRIDGING_HEADER = "EasyHelperTests/EasyHelperTests-Bridging-Header.h";
			};
			name = Release;
		};
/* End XCBuildConfiguration section */

/* Begin XCConfigurationList section */
		880C754A1BCF9BD1000564DE /* Build configuration list for PBXNativeTarget "EasyHelperWatch" */ = {
			isa = XCConfigurationList;
			buildConfigurations = (
				880C754B1BCF9BD1000564DE /* Debug */,
				880C754C1BCF9BD1000564DE /* Release */,
			);
			defaultConfigurationIsVisible = 0;
			defaultConfigurationName = Release;
		};
		884921811BBBDE2700EA150A /* Build configuration list for PBXProject "EasyHelper" */ = {
			isa = XCConfigurationList;
			buildConfigurations = (
				884921991BBBDE2700EA150A /* Debug */,
				8849219A1BBBDE2700EA150A /* Release */,
			);
			defaultConfigurationIsVisible = 0;
			defaultConfigurationName = Release;
		};
		8849219B1BBBDE2700EA150A /* Build configuration list for PBXNativeTarget "EasyHelper" */ = {
			isa = XCConfigurationList;
			buildConfigurations = (
				8849219C1BBBDE2700EA150A /* Debug */,
				8849219D1BBBDE2700EA150A /* Release */,
			);
			defaultConfigurationIsVisible = 0;
			defaultConfigurationName = Release;
		};
		8849219E1BBBDE2700EA150A /* Build configuration list for PBXNativeTarget "EasyHelperTests" */ = {
			isa = XCConfigurationList;
			buildConfigurations = (
				8849219F1BBBDE2700EA150A /* Debug */,
				884921A01BBBDE2700EA150A /* Release */,
			);
			defaultConfigurationIsVisible = 0;
			defaultConfigurationName = Release;
		};
/* End XCConfigurationList section */
	};
	rootObject = 8849217E1BBBDE2700EA150A /* Project object */;
}
